
Microsoft Visual Studio Solution File, Format Version 12.00
# Visual Studio 2013
VisualStudioVersion = 12.0.40629.0
MinimumVisualStudioVersion = 10.0.40219.1
Project("{FAE04EC0-301F-11D3-BF4B-00C04F79EFBC}") = "Legacy.WebClientMVC", "Legacy.WebClientMVC\Legacy.WebClientMVC.csproj", "{86FDFCC1-4982-4A32-977E-C77B361B70BC}"
EndProject
Project("{2150E333-8FDC-42A3-9474-1A3956D46DE8}") = ".nuget", ".nuget", "{5AC4F733-8DC1-49B7-8F25-C3E6FDA8A3BE}"
	ProjectSection(SolutionItems) = preProject
		.nuget\NuGet.Config = .nuget\NuGet.Config
		.nuget\NuGet.exe = .nuget\NuGet.exe
		.nuget\NuGet.targets = .nuget\NuGet.targets
	EndProjectSection
EndProject
Project("{2150E333-8FDC-42A3-9474-1A3956D46DE8}") = "Core", "Core", "{8E80A3E0-CF72-4049-8885-A80DBAC19076}"
EndProject
Project("{FAE04EC0-301F-11D3-BF4B-00C04F79EFBC}") = "Legacy.Domain", "..\Legacy.Core\Legacy.Domain\Legacy.Domain.csproj", "{FEFB8679-6952-44A5-9758-11686609ACF4}"
EndProject
Project("{FAE04EC0-301F-11D3-BF4B-00C04F79EFBC}") = "Legacy.Data", "..\Legacy.Core\Legacy.Data\Legacy.Data.csproj", "{E41484E0-423E-46C3-91ED-78243978EC99}"
EndProject
Global
	GlobalSection(SolutionConfigurationPlatforms) = preSolution
		Debug|Any CPU = Debug|Any CPU
		Release|Any CPU = Release|Any CPU
	EndGlobalSection
	GlobalSection(ProjectConfigurationPlatforms) = postSolution
		{86FDFCC1-4982-4A32-977E-C77B361B70BC}.Debug|Any CPU.ActiveCfg = Debug|Any CPU
		{86FDFCC1-4982-4A32-977E-C77B361B70BC}.Debug|Any CPU.Build.0 = Debug|Any CPU
		{86FDFCC1-4982-4A32-977E-C77B361B70BC}.Release|Any CPU.ActiveCfg = Release|Any CPU
		{86FDFCC1-4982-4A32-977E-C77B361B70BC}.Release|Any CPU.Build.0 = Release|Any CPU
		{FEFB8679-6952-44A5-9758-11686609ACF4}.Debug|Any CPU.ActiveCfg = Debug|Any CPU
		{FEFB8679-6952-44A5-9758-11686609ACF4}.Debug|Any CPU.Build.0 = Debug|Any CPU
		{FEFB8679-6952-44A5-9758-11686609ACF4}.Release|Any CPU.ActiveCfg = Release|Any CPU
		{FEFB8679-6952-44A5-9758-11686609ACF4}.Release|Any CPU.Build.0 = Release|Any CPU
		{E41484E0-423E-46C3-91ED-78243978EC99}.Debug|Any CPU.ActiveCfg = Debug|Any CPU
		{E41484E0-423E-46C3-91ED-78243978EC99}.Debug|Any CPU.Build.0 = Debug|Any CPU
		{E41484E0-423E-46C3-91ED-78243978EC99}.Release|Any CPU.ActiveCfg = Release|Any CPU
		{E41484E0-423E-46C3-91ED-78243978EC99}.Release|Any CPU.Build.0 = Release|Any CPU
	EndGlobalSection
	GlobalSection(SolutionProperties) = preSolution
		HideSolutionNode = FALSE
	EndGlobalSection
	GlobalSection(NestedProjects) = preSolution
		{FEFB8679-6952-44A5-9758-11686609ACF4} = {8E80A3E0-CF72-4049-8885-A80DBAC19076}
		{E41484E0-423E-46C3-91ED-78243978EC99} = {8E80A3E0-CF72-4049-8885-A80DBAC19076}
	EndGlobalSection
EndGlobal
